// !$*UTF8*$!
{
	archiveVersion = 1;
	classes = {
	};
	objectVersion = 50;
	objects = {

/* Begin PBXBuildFile section */
		2DC1CADE2568268B005FABDA /* AppDelegate.swift in Sources */ = {isa = PBXBuildFile; fileRef = 2DC1CADD2568268B005FABDA /* AppDelegate.swift */; };
		2DC1CAE02568268B005FABDA /* SceneDelegate.swift in Sources */ = {isa = PBXBuildFile; fileRef = 2DC1CADF2568268B005FABDA /* SceneDelegate.swift */; };
		2DC1CAE22568268C005FABDA /* ViewController.swift in Sources */ = {isa = PBXBuildFile; fileRef = 2DC1CAE12568268C005FABDA /* ViewController.swift */; };
		2DC1CAE52568268C005FABDA /* Main.storyboard in Resources */ = {isa = PBXBuildFile; fileRef = 2DC1CAE32568268C005FABDA /* Main.storyboard */; };
		2DC1CAE725682697005FABDA /* Assets.xcassets in Resources */ = {isa = PBXBuildFile; fileRef = 2DC1CAE625682697005FABDA /* Assets.xcassets */; };
		2DC1CAEA25682697005FABDA /* LaunchScreen.storyboard in Resources */ = {isa = PBXBuildFile; fileRef = 2DC1CAE825682697005FABDA /* LaunchScreen.storyboard */; };
		2DC1CAF325683917005FABDA /* Constants.swift in Sources */ = {isa = PBXBuildFile; fileRef = 2DC1CAF225683916005FABDA /* Constants.swift */; };
		2DC1CAFB25683CA1005FABDA /* Video.swift in Sources */ = {isa = PBXBuildFile; fileRef = 2DC1CAFA25683CA1005FABDA /* Video.swift */; };
		2DC1CAFE25683CED005FABDA /* ApiService.swift in Sources */ = {isa = PBXBuildFile; fileRef = 2DC1CAFD25683CED005FABDA /* ApiService.swift */; };
		2DDF9F9E2568511D009E134D /* Response.swift in Sources */ = {isa = PBXBuildFile; fileRef = 2DDF9F9D2568511D009E134D /* Response.swift */; };
		2DFA7455256FD8570078D7E9 /* VideoTableViewCell.swift in Sources */ = {isa = PBXBuildFile; fileRef = 2DFA7454256FD8570078D7E9 /* VideoTableViewCell.swift */; };
		2DFA7458256FE0A70078D7E9 /* CachManager.swift in Sources */ = {isa = PBXBuildFile; fileRef = 2DFA7457256FE0A70078D7E9 /* CachManager.swift */; };
		2DFA745B256FE6000078D7E9 /* DetailViewController.swift in Sources */ = {isa = PBXBuildFile; fileRef = 2DFA745A256FE6000078D7E9 /* DetailViewController.swift */; };
/* End PBXBuildFile section */

/* Begin PBXFileReference section */
		2DC1CADA2568268B005FABDA /* youtube-app.app */ = {isa = PBXFileReference; explicitFileType = wrapper.application; includeInIndex = 0; path = "youtube-app.app"; sourceTree = BUILT_PRODUCTS_DIR; };
		2DC1CADD2568268B005FABDA /* AppDelegate.swift */ = {isa = PBXFileReference; lastKnownFileType = sourcecode.swift; path = AppDelegate.swift; sourceTree = "<group>"; };
		2DC1CADF2568268B005FABDA /* SceneDelegate.swift */ = {isa = PBXFileReference; lastKnownFileType = sourcecode.swift; path = SceneDelegate.swift; sourceTree = "<group>"; };
		2DC1CAE12568268C005FABDA /* ViewController.swift */ = {isa = PBXFileReference; lastKnownFileType = sourcecode.swift; path = ViewController.swift; sourceTree = "<group>"; };
		2DC1CAE42568268C005FABDA /* Base */ = {isa = PBXFileReference; lastKnownFileType = file.storyboard; name = Base; path = Base.lproj/Main.storyboard; sourceTree = "<group>"; };
		2DC1CAE625682697005FABDA /* Assets.xcassets */ = {isa = PBXFileReference; lastKnownFileType = folder.assetcatalog; path = Assets.xcassets; sourceTree = "<group>"; };
		2DC1CAE925682697005FABDA /* Base */ = {isa = PBXFileReference; lastKnownFileType = file.storyboard; name = Base; path = Base.lproj/LaunchScreen.storyboard; sourceTree = "<group>"; };
		2DC1CAEB25682697005FABDA /* Info.plist */ = {isa = PBXFileReference; lastKnownFileType = text.plist.xml; path = Info.plist; sourceTree = "<group>"; };
		2DC1CAF225683916005FABDA /* Constants.swift */ = {isa = PBXFileReference; lastKnownFileType = sourcecode.swift; path = Constants.swift; sourceTree = "<group>"; };
		2DC1CAFA25683CA1005FABDA /* Video.swift */ = {isa = PBXFileReference; lastKnownFileType = sourcecode.swift; path = Video.swift; sourceTree = "<group>"; };
		2DC1CAFD25683CED005FABDA /* ApiService.swift */ = {isa = PBXFileReference; lastKnownFileType = sourcecode.swift; path = ApiService.swift; sourceTree = "<group>"; };
		2DDF9F9D2568511D009E134D /* Response.swift */ = {isa = PBXFileReference; lastKnownFileType = sourcecode.swift; path = Response.swift; sourceTree = "<group>"; };
		2DFA7454256FD8570078D7E9 /* VideoTableViewCell.swift */ = {isa = PBXFileReference; lastKnownFileType = sourcecode.swift; path = VideoTableViewCell.swift; sourceTree = "<group>"; };
		2DFA7457256FE0A70078D7E9 /* CachManager.swift */ = {isa = PBXFileReference; lastKnownFileType = sourcecode.swift; path = CachManager.swift; sourceTree = "<group>"; };
		2DFA745A256FE6000078D7E9 /* DetailViewController.swift */ = {isa = PBXFileReference; lastKnownFileType = sourcecode.swift; path = DetailViewController.swift; sourceTree = "<group>"; };
/* End PBXFileReference section */

/* Begin PBXFrameworksBuildPhase section */
		2DC1CAD72568268B005FABDA /* Frameworks */ = {
			isa = PBXFrameworksBuildPhase;
			buildActionMask = 2147483647;
			files = (
			);
			runOnlyForDeploymentPostprocessing = 0;
		};
/* End PBXFrameworksBuildPhase section */

/* Begin PBXGroup section */
		2DC1CAD12568268B005FABDA = {
			isa = PBXGroup;
			children = (
				2DC1CADC2568268B005FABDA /* youtube-app */,
				2DC1CAEB25682697005FABDA /* Info.plist */,
				2DC1CAE825682697005FABDA /* LaunchScreen.storyboard */,
				2DC1CAE625682697005FABDA /* Assets.xcassets */,
				2DC1CADB2568268B005FABDA /* Products */,
			);
			sourceTree = "<group>";
		};
		2DC1CADB2568268B005FABDA /* Products */ = {
			isa = PBXGroup;
			children = (
				2DC1CADA2568268B005FABDA /* youtube-app.app */,
			);
			name = Products;
			sourceTree = "<group>";
		};
		2DC1CADC2568268B005FABDA /* youtube-app */ = {
			isa = PBXGroup;
			children = (
				2DC1CADD2568268B005FABDA /* AppDelegate.swift */,
				2DC1CADF2568268B005FABDA /* SceneDelegate.swift */,
				2DC1CAE32568268C005FABDA /* Main.storyboard */,
				2DC1CAF825683A69005FABDA /* Services */,
				2DC1CAF925683C8D005FABDA /* Models */,
				2DC1CAF725683A30005FABDA /* ViewControllers */,
			);
			path = "youtube-app";
			sourceTree = "<group>";
		};
		2DC1CAF725683A30005FABDA /* ViewControllers */ = {
			isa = PBXGroup;
			children = (
				2DC1CAE12568268C005FABDA /* ViewController.swift */,
				2DFA7454256FD8570078D7E9 /* VideoTableViewCell.swift */,
				2DFA745A256FE6000078D7E9 /* DetailViewController.swift */,
			);
			path = ViewControllers;
			sourceTree = "<group>";
		};
		2DC1CAF825683A69005FABDA /* Services */ = {
			isa = PBXGroup;
			children = (
				2DC1CAF225683916005FABDA /* Constants.swift */,
				2DC1CAFD25683CED005FABDA /* ApiService.swift */,
				2DFA7457256FE0A70078D7E9 /* CachManager.swift */,
			);
			path = Services;
			sourceTree = "<group>";
		};
		2DC1CAF925683C8D005FABDA /* Models */ = {
			isa = PBXGroup;
			children = (
				2DC1CAFA25683CA1005FABDA /* Video.swift */,
				2DDF9F9D2568511D009E134D /* Response.swift */,
			);
			path = Models;
			sourceTree = "<group>";
		};
/* End PBXGroup section */

/* Begin PBXNativeTarget section */
		2DC1CAD92568268B005FABDA /* youtube-app */ = {
			isa = PBXNativeTarget;
			buildConfigurationList = 2DC1CAEE25682697005FABDA /* Build configuration list for PBXNativeTarget "youtube-app" */;
			buildPhases = (
				2DC1CAD62568268B005FABDA /* Sources */,
				2DC1CAD72568268B005FABDA /* Frameworks */,
				2DC1CAD82568268B005FABDA /* Resources */,
			);
			buildRules = (
			);
			dependencies = (
			);
			name = "youtube-app";
			productName = "youtube-app";
			productReference = 2DC1CADA2568268B005FABDA /* youtube-app.app */;
			productType = "com.apple.product-type.application";
		};
/* End PBXNativeTarget section */

/* Begin PBXProject section */
		2DC1CAD22568268B005FABDA /* Project object */ = {
			isa = PBXProject;
			attributes = {
				LastSwiftUpdateCheck = 1200;
				LastUpgradeCheck = 1200;
				TargetAttributes = {
					2DC1CAD92568268B005FABDA = {
						CreatedOnToolsVersion = 12.0.1;
					};
				};
			};
			buildConfigurationList = 2DC1CAD52568268B005FABDA /* Build configuration list for PBXProject "youtube-app" */;
			compatibilityVersion = "Xcode 9.3";
			developmentRegion = en;
			hasScannedForEncodings = 0;
			knownRegions = (
				en,
				Base,
			);
			mainGroup = 2DC1CAD12568268B005FABDA;
			productRefGroup = 2DC1CADB2568268B005FABDA /* Products */;
			projectDirPath = "";
			projectRoot = "";
			targets = (
				2DC1CAD92568268B005FABDA /* youtube-app */,
			);
		};
/* End PBXProject section */

/* Begin PBXResourcesBuildPhase section */
		2DC1CAD82568268B005FABDA /* Resources */ = {
			isa = PBXResourcesBuildPhase;
			buildActionMask = 2147483647;
			files = (
				2DC1CAEA25682697005FABDA /* LaunchScreen.storyboard in Resources */,
				2DC1CAE725682697005FABDA /* Assets.xcassets in Resources */,
				2DC1CAE52568268C005FABDA /* Main.storyboard in Resources */,
			);
			runOnlyForDeploymentPostprocessing = 0;
		};
/* End PBXResourcesBuildPhase section */

/* Begin PBXSourcesBuildPhase section */
		2DC1CAD62568268B005FABDA /* Sources */ = {
			isa = PBXSourcesBuildPhase;
			buildActionMask = 2147483647;
			files = (
				2DC1CAE22568268C005FABDA /* ViewController.swift in Sources */,
				2DC1CADE2568268B005FABDA /* AppDelegate.swift in Sources */,
				2DC1CAFE25683CED005FABDA /* ApiService.swift in Sources */,
				2DC1CAE02568268B005FABDA /* SceneDelegate.swift in Sources */,
				2DC1CAF325683917005FABDA /* Constants.swift in Sources */,
				2DFA7455256FD8570078D7E9 /* VideoTableViewCell.swift in Sources */,
				2DC1CAFB25683CA1005FABDA /* Video.swift in Sources */,
				2DFA745B256FE6000078D7E9 /* DetailViewController.swift in Sources */,
				2DFA7458256FE0A70078D7E9 /* CachManager.swift in Sources */,
				2DDF9F9E2568511D009E134D /* Response.swift in Sources */,
			);
			runOnlyForDeploymentPostprocessing = 0;
		};
/* End PBXSourcesBuildPhase section */

/* Begin PBXVariantGroup section */
		2DC1CAE32568268C005FABDA /* Main.storyboard */ = {
			isa = PBXVariantGroup;
			children = (
				2DC1CAE42568268C005FABDA /* Base */,
			);
			name = Main.storyboard;
			sourceTree = "<group>";
		};
		2DC1CAE825682697005FABDA /* LaunchScreen.storyboard */ = {
			isa = PBXVariantGroup;
			children = (
				2DC1CAE925682697005FABDA /* Base */,
			);
			name = LaunchScreen.storyboard;
			sourceTree = "<group>";
		};
/* End PBXVariantGroup section */

/* Begin XCBuildConfiguration section */
		2DC1CAEC25682697005FABDA /* Debug */ = {
			isa = XCBuildConfiguration;
			buildSettings = {
				ALWAYS_SEARCH_USER_PATHS = NO;
				CLANG_ANALYZER_NONNULL = YES;
				CLANG_ANALYZER_NUMBER_OBJECT_CONVERSION = YES_AGGRESSIVE;
				CLANG_CXX_LANGUAGE_STANDARD = "gnu++14";
				CLANG_CXX_LIBRARY = "libc++";
				CLANG_ENABLE_MODULES = YES;
				CLANG_ENABLE_OBJC_ARC = YES;
				CLANG_ENABLE_OBJC_WEAK = YES;
				CLANG_WARN_BLOCK_CAPTURE_AUTORELEASING = YES;
				CLANG_WARN_BOOL_CONVERSION = YES;
				CLANG_WARN_COMMA = YES;
				CLANG_WARN_CONSTANT_CONVERSION = YES;
				CLANG_WARN_DEPRECATED_OBJC_IMPLEMENTATIONS = YES;
				CLANG_WARN_DIRECT_OBJC_ISA_USAGE = YES_ERROR;
				CLANG_WARN_DOCUMENTATION_COMMENTS = YES;
				CLANG_WARN_EMPTY_BODY = YES;
				CLANG_WARN_ENUM_CONVERSION = YES;
				CLANG_WARN_INFINITE_RECURSION = YES;
				CLANG_WARN_INT_CONVERSION = YES;
				CLANG_WARN_NON_LITERAL_NULL_CONVERSION = YES;
				CLANG_WARN_OBJC_IMPLICIT_RETAIN_SELF = YES;
				CLANG_WARN_OBJC_LITERAL_CONVERSION = YES;
				CLANG_WARN_OBJC_ROOT_CLASS = YES_ERROR;
				CLANG_WARN_QUOTED_INCLUDE_IN_FRAMEWORK_HEADER = YES;
				CLANG_WARN_RANGE_LOOP_ANALYSIS = YES;
				CLANG_WARN_STRICT_PROTOTYPES = YES;
				CLANG_WARN_SUSPICIOUS_MOVE = YES;
				CLANG_WARN_UNGUARDED_AVAILABILITY = YES_AGGRESSIVE;
				CLANG_WARN_UNREACHABLE_CODE = YES;
				CLANG_WARN__DUPLICATE_METHOD_MATCH = YES;
				COPY_PHASE_STRIP = NO;
				DEBUG_INFORMATION_FORMAT = dwarf;
				ENABLE_STRICT_OBJC_MSGSEND = YES;
				ENABLE_TESTABILITY = YES;
				GCC_C_LANGUAGE_STANDARD = gnu11;
				GCC_DYNAMIC_NO_PIC = NO;
				GCC_NO_COMMON_BLOCKS = YES;
				GCC_OPTIMIZATION_LEVEL = 0;
				GCC_PREPROCESSOR_DEFINITIONS = (
					"DEBUG=1",
					"$(inherited)",
				);
				GCC_WARN_64_TO_32_BIT_CONVERSION = YES;
				GCC_WARN_ABOUT_RETURN_TYPE = YES_ERROR;
				GCC_WARN_UNDECLARED_SELECTOR = YES;
				GCC_WARN_UNINITIALIZED_AUTOS = YES_AGGRESSIVE;
				GCC_WARN_UNUSED_FUNCTION = YES;
				GCC_WARN_UNUSED_VARIABLE = YES;
				IPHONEOS_DEPLOYMENT_TARGET = 14.0;
				MTL_ENABLE_DEBUG_INFO = INCLUDE_SOURCE;
				MTL_FAST_MATH = YES;
				ONLY_ACTIVE_ARCH = YES;
				SDKROOT = iphoneos;
				SWIFT_ACTIVE_COMPILATION_CONDITIONS = DEBUG;
				SWIFT_OPTIMIZATION_LEVEL = "-Onone";
			};
			name = Debug;
		};
		2DC1CAED25682697005FABDA /* Release */ = {
			isa = XCBuildConfiguration;
			buildSettings = {
				ALWAYS_SEARCH_USER_PATHS = NO;
				CLANG_ANALYZER_NONNULL = YES;
				CLANG_ANALYZER_NUMBER_OBJECT_CONVERSION = YES_AGGRESSIVE;
				CLANG_CXX_LANGUAGE_STANDARD = "gnu++14";
				CLANG_CXX_LIBRARY = "libc++";
				CLANG_ENABLE_MODULES = YES;
				CLANG_ENABLE_OBJC_ARC = YES;
				CLANG_ENABLE_OBJC_WEAK = YES;
				CLANG_WARN_BLOCK_CAPTURE_AUTORELEASING = YES;
				CLANG_WARN_BOOL_CONVERSION = YES;
				CLANG_WARN_COMMA = YES;
				CLANG_WARN_CONSTANT_CONVERSION = YES;
				CLANG_WARN_DEPRECATED_OBJC_IMPLEMENTATIONS = YES;
				CLANG_WARN_DIRECT_OBJC_ISA_USAGE = YES_ERROR;
				CLANG_WARN_DOCUMENTATION_COMMENTS = YES;
				CLANG_WARN_EMPTY_BODY = YES;
				CLANG_WARN_ENUM_CONVERSION = YES;
				CLANG_WARN_INFINITE_RECURSION = YES;
				CLANG_WARN_INT_CONVERSION = YES;
				CLANG_WARN_NON_LITERAL_NULL_CONVERSION = YES;
				CLANG_WARN_OBJC_IMPLICIT_RETAIN_SELF = YES;
				CLANG_WARN_OBJC_LITERAL_CONVERSION = YES;
				CLANG_WARN_OBJC_ROOT_CLASS = YES_ERROR;
				CLANG_WARN_QUOTED_INCLUDE_IN_FRAMEWORK_HEADER = YES;
				CLANG_WARN_RANGE_LOOP_ANALYSIS = YES;
				CLANG_WARN_STRICT_PROTOTYPES = YES;
				CLANG_WARN_SUSPICIOUS_MOVE = YES;
				CLANG_WARN_UNGUARDED_AVAILABILITY = YES_AGGRESSIVE;
				CLANG_WARN_UNREACHABLE_CODE = YES;
				CLANG_WARN__DUPLICATE_METHOD_MATCH = YES;
				COPY_PHASE_STRIP = NO;
				DEBUG_INFORMATION_FORMAT = "dwarf-with-dsym";
				ENABLE_NS_ASSERTIONS = NO;
				ENABLE_STRICT_OBJC_MSGSEND = YES;
				GCC_C_LANGUAGE_STANDARD = gnu11;
				GCC_NO_COMMON_BLOCKS = YES;
				GCC_WARN_64_TO_32_BIT_CONVERSION = YES;
				GCC_WARN_ABOUT_RETURN_TYPE = YES_ERROR;
				GCC_WARN_UNDECLARED_SELECTOR = YES;
				GCC_WARN_UNINITIALIZED_AUTOS = YES_AGGRESSIVE;
				GCC_WARN_UNUSED_FUNCTION = YES;
				GCC_WARN_UNUSED_VARIABLE = YES;
				IPHONEOS_DEPLOYMENT_TARGET = 14.0;
				MTL_ENABLE_DEBUG_INFO = NO;
				MTL_FAST_MATH = YES;
				SDKROOT = iphoneos;
				SWIFT_COMPILATION_MODE = wholemodule;
				SWIFT_OPTIMIZATION_LEVEL = "-O";
				VALIDATE_PRODUCT = YES;
			};
			name = Release;
		};
		2DC1CAEF25682697005FABDA /* Debug */ = {
			isa = XCBuildConfiguration;
			buildSettings = {
				ASSETCATALOG_COMPILER_APPICON_NAME = AppIcon;
				ASSETCATALOG_COMPILER_GLOBAL_ACCENT_COLOR_NAME = AccentColor;
				CODE_SIGN_STYLE = Automatic;
				DEVELOPMENT_TEAM = NXYT387KRU;
				INFOPLIST_FILE = "$(SRCROOT)/Info.plist";
				LD_RUNPATH_SEARCH_PATHS = (
					"$(inherited)",
					"@executable_path/Frameworks",
				);
				PRODUCT_BUNDLE_IDENTIFIER = "com.example.dabbour.youtube-app";
				PRODUCT_NAME = "$(TARGET_NAME)";
				SWIFT_VERSION = 5.0;
				TARGETED_DEVICE_FAMILY = "1,2";
			};
			name = Debug;
		};
		2DC1CAF025682697005FABDA /* Release */ = {
			isa = XCBuildConfiguration;
			buildSettings = {
				ASSETCATALOG_COMPILER_APPICON_NAME = AppIcon;
				ASSETCATALOG_COMPILER_GLOBAL_ACCENT_COLOR_NAME = AccentColor;
				CODE_SIGN_STYLE = Automatic;
				DEVELOPMENT_TEAM = NXYT387KRU;
				INFOPLIST_FILE = "$(SRCROOT)/Info.plist";
				LD_RUNPATH_SEARCH_PATHS = (
					"$(inherited)",
					"@executable_path/Frameworks",
				);
				PRODUCT_BUNDLE_IDENTIFIER = "com.example.dabbour.youtube-app";
				PRODUCT_NAME = "$(TARGET_NAME)";
				SWIFT_VERSION = 5.0;
				TARGETED_DEVICE_FAMILY = "1,2";
			};
			name = Release;
		};
/* End XCBuildConfiguration section */

/* Begin XCConfigurationList section */
		2DC1CAD52568268B005FABDA /* Build configuration list for PBXProject "youtube-app" */ = {
			isa = XCConfigurationList;
			buildConfigurations = (
				2DC1CAEC25682697005FABDA /* Debug */,
				2DC1CAED25682697005FABDA /* Release */,
			);
			defaultConfigurationIsVisible = 0;
			defaultConfigurationName = Release;
		};
		2DC1CAEE25682697005FABDA /* Build configuration list for PBXNativeTarget "youtube-app" */ = {
			isa = XCConfigurationList;
			buildConfigurations = (
				2DC1CAEF25682697005FABDA /* Debug */,
				2DC1CAF025682697005FABDA /* Release */,
			);
			defaultConfigurationIsVisible = 0;
			defaultConfigurationName = Release;
		};
/* End XCConfigurationList section */
	};
	rootObject = 2DC1CAD22568268B005FABDA /* Project object */;
}
